// !$*UTF8*$!
{
	archiveVersion = 1;
	classes = {
	};
	objectVersion = 50;
	objects = {

/* Begin PBXBuildFile section */
		121C26042638B2FA00CFA2F1 /* DspFaust.cpp in Sources */ = {isa = PBXBuildFile; fileRef = 121C26032638B2FA00CFA2F1 /* DspFaust.cpp */; };
		A2E7CC3D262188C6006CA38B /* AppDelegate.m in Sources */ = {isa = PBXBuildFile; fileRef = A2E7CC3C262188C6006CA38B /* AppDelegate.m */; };
		A2E7CC40262188C6006CA38B /* SceneDelegate.m in Sources */ = {isa = PBXBuildFile; fileRef = A2E7CC3F262188C6006CA38B /* SceneDelegate.m */; };
		A2E7CC43262188C6006CA38B /* ViewController.mm in Sources */ = {isa = PBXBuildFile; fileRef = A2E7CC42262188C6006CA38B /* ViewController.mm */; };
		A2E7CC46262188C6006CA38B /* Main.storyboard in Resources */ = {isa = PBXBuildFile; fileRef = A2E7CC44262188C6006CA38B /* Main.storyboard */; };
		A2E7CC48262188CA006CA38B /* Assets.xcassets in Resources */ = {isa = PBXBuildFile; fileRef = A2E7CC47262188CA006CA38B /* Assets.xcassets */; };
		A2E7CC4B262188CA006CA38B /* LaunchScreen.storyboard in Resources */ = {isa = PBXBuildFile; fileRef = A2E7CC49262188CA006CA38B /* LaunchScreen.storyboard */; };
		A2E7CC4E262188CA006CA38B /* main.m in Sources */ = {isa = PBXBuildFile; fileRef = A2E7CC4D262188CA006CA38B /* main.m */; };
		A2E7CC58262188CA006CA38B /* faust_musicTests.m in Sources */ = {isa = PBXBuildFile; fileRef = A2E7CC57262188CA006CA38B /* faust_musicTests.m */; };
		A2E7CC63262188CA006CA38B /* faust_musicUITests.m in Sources */ = {isa = PBXBuildFile; fileRef = A2E7CC62262188CA006CA38B /* faust_musicUITests.m */; };
		DB5A03FE264B8EF500EBC762 /* AVFoundation.framework in Frameworks */ = {isa = PBXBuildFile; fileRef = DB5A03FD264B8EF500EBC762 /* AVFoundation.framework */; };
		DB5A0400264B9FAC00EBC762 /* SleepWalkChords.wav in Resources */ = {isa = PBXBuildFile; fileRef = DB5A03FF264B9FAC00EBC762 /* SleepWalkChords.wav */; };
		DB5A041C264E581800EBC762 /* ViewController2.mm in Sources */ = {isa = PBXBuildFile; fileRef = DB5A041B264E581800EBC762 /* ViewController2.mm */; };
		DB5A0421264E6FCA00EBC762 /* FUNKY_HOUSE.mp3 in Resources */ = {isa = PBXBuildFile; fileRef = DB5A0420264E6FCA00EBC762 /* FUNKY_HOUSE.mp3 */; };
		DB5A0423264E6FEB00EBC762 /* WalkingOnSunshine.wav in Resources */ = {isa = PBXBuildFile; fileRef = DB5A0422264E6FEB00EBC762 /* WalkingOnSunshine.wav */; };
		DB5A0425264E6FF500EBC762 /* Telephone.wav in Resources */ = {isa = PBXBuildFile; fileRef = DB5A0424264E6FF500EBC762 /* Telephone.wav */; };
		DB5A0427264E6FFB00EBC762 /* Car.wav in Resources */ = {isa = PBXBuildFile; fileRef = DB5A0426264E6FFB00EBC762 /* Car.wav */; };
		DB5A0430264F31B800EBC762 /* ViewController3.mm in Sources */ = {isa = PBXBuildFile; fileRef = DB5A042F264F31B800EBC762 /* ViewController3.mm */; };
		DB752BBF26548CF4000BD73A /* AndantePiano37.wav in Resources */ = {isa = PBXBuildFile; fileRef = DB752B7626548CF4000BD73A /* AndantePiano37.wav */; };
		DB752BC026548CF4000BD73A /* AndantePiano36.wav in Resources */ = {isa = PBXBuildFile; fileRef = DB752B7726548CF4000BD73A /* AndantePiano36.wav */; };
		DB752BC126548CF4000BD73A /* AndantePiano34.wav in Resources */ = {isa = PBXBuildFile; fileRef = DB752B7826548CF4000BD73A /* AndantePiano34.wav */; };
		DB752BC226548CF4000BD73A /* AndantePiano35.wav in Resources */ = {isa = PBXBuildFile; fileRef = DB752B7926548CF4000BD73A /* AndantePiano35.wav */; };
		DB752BC326548CF4000BD73A /* AndantePiano31.wav in Resources */ = {isa = PBXBuildFile; fileRef = DB752B7A26548CF4000BD73A /* AndantePiano31.wav */; };
		DB752BC426548CF4000BD73A /* AndantePiano25.wav in Resources */ = {isa = PBXBuildFile; fileRef = DB752B7B26548CF4000BD73A /* AndantePiano25.wav */; };
		DB752BC526548CF4000BD73A /* AndantePiano24.wav in Resources */ = {isa = PBXBuildFile; fileRef = DB752B7C26548CF4000BD73A /* AndantePiano24.wav */; };
		DB752BC626548CF4000BD73A /* AndantePiano30.wav in Resources */ = {isa = PBXBuildFile; fileRef = DB752B7D26548CF4000BD73A /* AndantePiano30.wav */; };
		DB752BC726548CF4000BD73A /* AndantePiano26.wav in Resources */ = {isa = PBXBuildFile; fileRef = DB752B7E26548CF4000BD73A /* AndantePiano26.wav */; };
		DB752BC826548CF4000BD73A /* AndantePiano32.wav in Resources */ = {isa = PBXBuildFile; fileRef = DB752B7F26548CF4000BD73A /* AndantePiano32.wav */; };
		DB752BC926548CF4000BD73A /* AndantePiano33.wav in Resources */ = {isa = PBXBuildFile; fileRef = DB752B8026548CF4000BD73A /* AndantePiano33.wav */; };
		DB752BCA26548CF4000BD73A /* AndantePiano27.wav in Resources */ = {isa = PBXBuildFile; fileRef = DB752B8126548CF4000BD73A /* AndantePiano27.wav */; };
		DB752BCB26548CF4000BD73A /* AndantePiano68.wav in Resources */ = {isa = PBXBuildFile; fileRef = DB752B8226548CF4000BD73A /* AndantePiano68.wav */; };
		DB752BCC26548CF4000BD73A /* AndantePiano40.wav in Resources */ = {isa = PBXBuildFile; fileRef = DB752B8326548CF4000BD73A /* AndantePiano40.wav */; };
		DB752BCD26548CF4000BD73A /* AndantePiano54.wav in Resources */ = {isa = PBXBuildFile; fileRef = DB752B8426548CF4000BD73A /* AndantePiano54.wav */; };
		DB752BCE26548CF4000BD73A /* AndantePiano83.wav in Resources */ = {isa = PBXBuildFile; fileRef = DB752B8526548CF4000BD73A /* AndantePiano83.wav */; };
		DB752BCF26548CF4000BD73A /* AndantePiano96.wav in Resources */ = {isa = PBXBuildFile; fileRef = DB752B8626548CF4000BD73A /* AndantePiano96.wav */; };
		DB752BD026548CF4000BD73A /* AndantePiano82.wav in Resources */ = {isa = PBXBuildFile; fileRef = DB752B8726548CF4000BD73A /* AndantePiano82.wav */; };
		DB752BD126548CF4000BD73A /* AndantePiano55.wav in Resources */ = {isa = PBXBuildFile; fileRef = DB752B8826548CF4000BD73A /* AndantePiano55.wav */; };
		DB752BD226548CF4000BD73A /* AndantePiano41.wav in Resources */ = {isa = PBXBuildFile; fileRef = DB752B8926548CF4000BD73A /* AndantePiano41.wav */; };
		DB752BD326548CF4000BD73A /* AndantePiano69.wav in Resources */ = {isa = PBXBuildFile; fileRef = DB752B8A26548CF4000BD73A /* AndantePiano69.wav */; };
		DB752BD426548CF4000BD73A /* AndantePiano57.wav in Resources */ = {isa = PBXBuildFile; fileRef = DB752B8B26548CF4000BD73A /* AndantePiano57.wav */; };
		DB752BD526548CF4000BD73A /* AndantePiano43.wav in Resources */ = {isa = PBXBuildFile; fileRef = DB752B8C26548CF4000BD73A /* AndantePiano43.wav */; };
		DB752BD626548CF4000BD73A /* AndantePiano94.wav in Resources */ = {isa = PBXBuildFile; fileRef = DB752B8D26548CF4000BD73A /* AndantePiano94.wav */; };
		DB752BD726548CF4000BD73A /* AndantePiano80.wav in Resources */ = {isa = PBXBuildFile; fileRef = DB752B8E26548CF4000BD73A /* AndantePiano80.wav */; };
		DB752BD826548CF4000BD73A /* AndantePiano81.wav in Resources */ = {isa = PBXBuildFile; fileRef = DB752B8F26548CF4000BD73A /* AndantePiano81.wav */; };
		DB752BD926548CF4000BD73A /* AndantePiano95.wav in Resources */ = {isa = PBXBuildFile; fileRef = DB752B9026548CF4000BD73A /* AndantePiano95.wav */; };
		DB752BDA26548CF4000BD73A /* AndantePiano42.wav in Resources */ = {isa = PBXBuildFile; fileRef = DB752B9126548CF4000BD73A /* AndantePiano42.wav */; };
		DB752BDB26548CF4000BD73A /* AndantePiano56.wav in Resources */ = {isa = PBXBuildFile; fileRef = DB752B9226548CF4000BD73A /* AndantePiano56.wav */; };
		DB752BDC26548CF4000BD73A /* AndantePiano52.wav in Resources */ = {isa = PBXBuildFile; fileRef = DB752B9326548CF4000BD73A /* AndantePiano52.wav */; };
		DB752BDD26548CF4000BD73A /* AndantePiano46.wav in Resources */ = {isa = PBXBuildFile; fileRef = DB752B9426548CF4000BD73A /* AndantePiano46.wav */; };
		DB752BDE26548CF4000BD73A /* AndantePiano91.wav in Resources */ = {isa = PBXBuildFile; fileRef = DB752B9526548CF4000BD73A /* AndantePiano91.wav */; };
		DB752BDF26548CF4000BD73A /* AndantePiano85.wav in Resources */ = {isa = PBXBuildFile; fileRef = DB752B9626548CF4000BD73A /* AndantePiano85.wav */; };
		DB752BE026548CF4000BD73A /* AndantePiano84.wav in Resources */ = {isa = PBXBuildFile; fileRef = DB752B9726548CF4000BD73A /* AndantePiano84.wav */; };
		DB752BE126548CF4000BD73A /* AndantePiano90.wav in Resources */ = {isa = PBXBuildFile; fileRef = DB752B9826548CF4000BD73A /* AndantePiano90.wav */; };
		DB752BE226548CF4000BD73A /* AndantePiano47.wav in Resources */ = {isa = PBXBuildFile; fileRef = DB752B9926548CF4000BD73A /* AndantePiano47.wav */; };
		DB752BE326548CF4000BD73A /* AndantePiano53.wav in Resources */ = {isa = PBXBuildFile; fileRef = DB752B9A26548CF4000BD73A /* AndantePiano53.wav */; };
		DB752BE426548CF4000BD73A /* AndantePiano45.wav in Resources */ = {isa = PBXBuildFile; fileRef = DB752B9B26548CF4000BD73A /* AndantePiano45.wav */; };
		DB752BE526548CF4000BD73A /* AndantePiano51.wav in Resources */ = {isa = PBXBuildFile; fileRef = DB752B9C26548CF4000BD73A /* AndantePiano51.wav */; };
		DB752BE626548CF4000BD73A /* AndantePiano79.wav in Resources */ = {isa = PBXBuildFile; fileRef = DB752B9D26548CF4000BD73A /* AndantePiano79.wav */; };
		DB752BE726548CF4000BD73A /* AndantePiano86.wav in Resources */ = {isa = PBXBuildFile; fileRef = DB752B9E26548CF4000BD73A /* AndantePiano86.wav */; };
		DB752BE826548CF4000BD73A /* AndantePiano92.wav in Resources */ = {isa = PBXBuildFile; fileRef = DB752B9F26548CF4000BD73A /* AndantePiano92.wav */; };
		DB752BE926548CF4000BD73A /* AndantePiano93.wav in Resources */ = {isa = PBXBuildFile; fileRef = DB752BA026548CF4000BD73A /* AndantePiano93.wav */; };
		DB752BEA26548CF4000BD73A /* AndantePiano87.wav in Resources */ = {isa = PBXBuildFile; fileRef = DB752BA126548CF4000BD73A /* AndantePiano87.wav */; };
		DB752BEB26548CF4000BD73A /* AndantePiano78.wav in Resources */ = {isa = PBXBuildFile; fileRef = DB752BA226548CF4000BD73A /* AndantePiano78.wav */; };
		DB752BEC26548CF4000BD73A /* AndantePiano50.wav in Resources */ = {isa = PBXBuildFile; fileRef = DB752BA326548CF4000BD73A /* AndantePiano50.wav */; };
		DB752BED26548CF4000BD73A /* AndantePiano44.wav in Resources */ = {isa = PBXBuildFile; fileRef = DB752BA426548CF4000BD73A /* AndantePiano44.wav */; };
		DB752BEE26548CF4000BD73A /* AndantePiano49.wav in Resources */ = {isa = PBXBuildFile; fileRef = DB752BA526548CF4000BD73A /* AndantePiano49.wav */; };
		DB752BEF26548CF4000BD73A /* AndantePiano61.wav in Resources */ = {isa = PBXBuildFile; fileRef = DB752BA626548CF4000BD73A /* AndantePiano61.wav */; };
		DB752BF026548CF4000BD73A /* AndantePiano75.wav in Resources */ = {isa = PBXBuildFile; fileRef = DB752BA726548CF4000BD73A /* AndantePiano75.wav */; };
		DB752BF126548CF4000BD73A /* AndantePiano74.wav in Resources */ = {isa = PBXBuildFile; fileRef = DB752BA826548CF4000BD73A /* AndantePiano74.wav */; };
		DB752BF226548CF4000BD73A /* AndantePiano60.wav in Resources */ = {isa = PBXBuildFile; fileRef = DB752BA926548CF4000BD73A /* AndantePiano60.wav */; };
		DB752BF326548CF4000BD73A /* AndantePiano48.wav in Resources */ = {isa = PBXBuildFile; fileRef = DB752BAA26548CF4000BD73A /* AndantePiano48.wav */; };
		DB752BF426548CF4000BD73A /* AndantePiano76.wav in Resources */ = {isa = PBXBuildFile; fileRef = DB752BAB26548CF4000BD73A /* AndantePiano76.wav */; };
		DB752BF526548CF4000BD73A /* AndantePiano62.wav in Resources */ = {isa = PBXBuildFile; fileRef = DB752BAC26548CF4000BD73A /* AndantePiano62.wav */; };
		DB752BF626548CF4000BD73A /* AndantePiano89.wav in Resources */ = {isa = PBXBuildFile; fileRef = DB752BAD26548CF4000BD73A /* AndantePiano89.wav */; };
		DB752BF726548CF4000BD73A /* AndantePiano88.wav in Resources */ = {isa = PBXBuildFile; fileRef = DB752BAE26548CF4000BD73A /* AndantePiano88.wav */; };
		DB752BF826548CF5000BD73A /* AndantePiano63.wav in Resources */ = {isa = PBXBuildFile; fileRef = DB752BAF26548CF4000BD73A /* AndantePiano63.wav */; };
		DB752BF926548CF5000BD73A /* AndantePiano77.wav in Resources */ = {isa = PBXBuildFile; fileRef = DB752BB026548CF4000BD73A /* AndantePiano77.wav */; };
		DB752BFA26548CF5000BD73A /* AndantePiano73.wav in Resources */ = {isa = PBXBuildFile; fileRef = DB752BB126548CF4000BD73A /* AndantePiano73.wav */; };
		DB752BFB26548CF5000BD73A /* AndantePiano67.wav in Resources */ = {isa = PBXBuildFile; fileRef = DB752BB226548CF4000BD73A /* AndantePiano67.wav */; };
		DB752BFC26548CF5000BD73A /* AndantePiano66.wav in Resources */ = {isa = PBXBuildFile; fileRef = DB752BB326548CF4000BD73A /* AndantePiano66.wav */; };
		DB752BFD26548CF5000BD73A /* AndantePiano72.wav in Resources */ = {isa = PBXBuildFile; fileRef = DB752BB426548CF4000BD73A /* AndantePiano72.wav */; };
		DB752BFE26548CF5000BD73A /* AndantePiano64.wav in Resources */ = {isa = PBXBuildFile; fileRef = DB752BB526548CF4000BD73A /* AndantePiano64.wav */; };
		DB752BFF26548CF5000BD73A /* AndantePiano70.wav in Resources */ = {isa = PBXBuildFile; fileRef = DB752BB626548CF4000BD73A /* AndantePiano70.wav */; };
		DB752C0026548CF5000BD73A /* AndantePiano58.wav in Resources */ = {isa = PBXBuildFile; fileRef = DB752BB726548CF4000BD73A /* AndantePiano58.wav */; };
		DB752C0126548CF5000BD73A /* AndantePiano59.wav in Resources */ = {isa = PBXBuildFile; fileRef = DB752BB826548CF4000BD73A /* AndantePiano59.wav */; };
		DB752C0226548CF5000BD73A /* AndantePiano71.wav in Resources */ = {isa = PBXBuildFile; fileRef = DB752BB926548CF4000BD73A /* AndantePiano71.wav */; };
		DB752C0326548CF5000BD73A /* AndantePiano65.wav in Resources */ = {isa = PBXBuildFile; fileRef = DB752BBA26548CF4000BD73A /* AndantePiano65.wav */; };
		DB752C0426548CF5000BD73A /* AndantePiano29.wav in Resources */ = {isa = PBXBuildFile; fileRef = DB752BBB26548CF4000BD73A /* AndantePiano29.wav */; };
		DB752C0526548CF5000BD73A /* AndantePiano28.wav in Resources */ = {isa = PBXBuildFile; fileRef = DB752BBC26548CF4000BD73A /* AndantePiano28.wav */; };
		DB752C0626548CF5000BD73A /* AndantePiano38.wav in Resources */ = {isa = PBXBuildFile; fileRef = DB752BBD26548CF4000BD73A /* AndantePiano38.wav */; };
		DB752C0726548CF5000BD73A /* AndantePiano39.wav in Resources */ = {isa = PBXBuildFile; fileRef = DB752BBE26548CF4000BD73A /* AndantePiano39.wav */; };
		DB78B3B82627841800B42591 /* CoreMIDI.framework in Frameworks */ = {isa = PBXBuildFile; fileRef = DB78B3B72627841800B42591 /* CoreMIDI.framework */; };
		DB78B3BA2627842100B42591 /* AudioToolbox.framework in Frameworks */ = {isa = PBXBuildFile; fileRef = DB78B3B92627842100B42591 /* AudioToolbox.framework */; };
		DB78B3E626278C1900B42591 /* CoreBluetooth.framework in Frameworks */ = {isa = PBXBuildFile; fileRef = DB78B3E526278C1900B42591 /* CoreBluetooth.framework */; };
/* End PBXBuildFile section */

/* Begin PBXContainerItemProxy section */
		A2E7CC54262188CA006CA38B /* PBXContainerItemProxy */ = {
			isa = PBXContainerItemProxy;
			containerPortal = A2E7CC30262188C6006CA38B /* Project object */;
			proxyType = 1;
			remoteGlobalIDString = A2E7CC37262188C6006CA38B;
			remoteInfo = faust_music;
		};
		A2E7CC5F262188CA006CA38B /* PBXContainerItemProxy */ = {
			isa = PBXContainerItemProxy;
			containerPortal = A2E7CC30262188C6006CA38B /* Project object */;
			proxyType = 1;
			remoteGlobalIDString = A2E7CC37262188C6006CA38B;
			remoteInfo = faust_music;
		};
/* End PBXContainerItemProxy section */

/* Begin PBXFileReference section */
		121C26022638B2FA00CFA2F1 /* DspFaust.h */ = {isa = PBXFileReference; fileEncoding = 4; lastKnownFileType = sourcecode.c.h; path = DspFaust.h; sourceTree = "<group>"; };
		121C26032638B2FA00CFA2F1 /* DspFaust.cpp */ = {isa = PBXFileReference; fileEncoding = 4; lastKnownFileType = sourcecode.cpp.cpp; path = DspFaust.cpp; sourceTree = "<group>"; };
		A2E7CC38262188C6006CA38B /* faust_music.app */ = {isa = PBXFileReference; explicitFileType = wrapper.application; includeInIndex = 0; path = faust_music.app; sourceTree = BUILT_PRODUCTS_DIR; };
		A2E7CC3B262188C6006CA38B /* AppDelegate.h */ = {isa = PBXFileReference; lastKnownFileType = sourcecode.c.h; path = AppDelegate.h; sourceTree = "<group>"; };
		A2E7CC3C262188C6006CA38B /* AppDelegate.m */ = {isa = PBXFileReference; lastKnownFileType = sourcecode.c.objc; path = AppDelegate.m; sourceTree = "<group>"; };
		A2E7CC3E262188C6006CA38B /* SceneDelegate.h */ = {isa = PBXFileReference; lastKnownFileType = sourcecode.c.h; path = SceneDelegate.h; sourceTree = "<group>"; };
		A2E7CC3F262188C6006CA38B /* SceneDelegate.m */ = {isa = PBXFileReference; lastKnownFileType = sourcecode.c.objc; path = SceneDelegate.m; sourceTree = "<group>"; };
		A2E7CC41262188C6006CA38B /* ViewController.h */ = {isa = PBXFileReference; lastKnownFileType = sourcecode.c.h; path = ViewController.h; sourceTree = "<group>"; };
		A2E7CC42262188C6006CA38B /* ViewController.mm */ = {isa = PBXFileReference; lastKnownFileType = sourcecode.cpp.objcpp; path = ViewController.mm; sourceTree = "<group>"; };
		A2E7CC45262188C6006CA38B /* Base */ = {isa = PBXFileReference; lastKnownFileType = file.storyboard; name = Base; path = Base.lproj/Main.storyboard; sourceTree = "<group>"; };
		A2E7CC47262188CA006CA38B /* Assets.xcassets */ = {isa = PBXFileReference; lastKnownFileType = folder.assetcatalog; path = Assets.xcassets; sourceTree = "<group>"; };
		A2E7CC4A262188CA006CA38B /* Base */ = {isa = PBXFileReference; lastKnownFileType = file.storyboard; name = Base; path = Base.lproj/LaunchScreen.storyboard; sourceTree = "<group>"; };
		A2E7CC4C262188CA006CA38B /* Info.plist */ = {isa = PBXFileReference; lastKnownFileType = text.plist.xml; path = Info.plist; sourceTree = "<group>"; };
		A2E7CC4D262188CA006CA38B /* main.m */ = {isa = PBXFileReference; lastKnownFileType = sourcecode.c.objc; path = main.m; sourceTree = "<group>"; };
		A2E7CC53262188CA006CA38B /* faust_musicTests.xctest */ = {isa = PBXFileReference; explicitFileType = wrapper.cfbundle; includeInIndex = 0; path = faust_musicTests.xctest; sourceTree = BUILT_PRODUCTS_DIR; };
		A2E7CC57262188CA006CA38B /* faust_musicTests.m */ = {isa = PBXFileReference; lastKnownFileType = sourcecode.c.objc; path = faust_musicTests.m; sourceTree = "<group>"; };
		A2E7CC59262188CA006CA38B /* Info.plist */ = {isa = PBXFileReference; lastKnownFileType = text.plist.xml; path = Info.plist; sourceTree = "<group>"; };
		A2E7CC5E262188CA006CA38B /* faust_musicUITests.xctest */ = {isa = PBXFileReference; explicitFileType = wrapper.cfbundle; includeInIndex = 0; path = faust_musicUITests.xctest; sourceTree = BUILT_PRODUCTS_DIR; };
		A2E7CC62262188CA006CA38B /* faust_musicUITests.m */ = {isa = PBXFileReference; lastKnownFileType = sourcecode.c.objc; path = faust_musicUITests.m; sourceTree = "<group>"; };
		A2E7CC64262188CA006CA38B /* Info.plist */ = {isa = PBXFileReference; lastKnownFileType = text.plist.xml; path = Info.plist; sourceTree = "<group>"; };
		DB5A03FD264B8EF500EBC762 /* AVFoundation.framework */ = {isa = PBXFileReference; lastKnownFileType = wrapper.framework; name = AVFoundation.framework; path = System/Library/Frameworks/AVFoundation.framework; sourceTree = SDKROOT; };
		DB5A03FF264B9FAC00EBC762 /* SleepWalkChords.wav */ = {isa = PBXFileReference; lastKnownFileType = audio.wav; path = SleepWalkChords.wav; sourceTree = "<group>"; };
		DB5A041A264E581800EBC762 /* ViewController2.h */ = {isa = PBXFileReference; lastKnownFileType = sourcecode.c.h; path = ViewController2.h; sourceTree = "<group>"; };
		DB5A041B264E581800EBC762 /* ViewController2.mm */ = {isa = PBXFileReference; lastKnownFileType = sourcecode.cpp.objcpp; path = ViewController2.mm; sourceTree = "<group>"; };
		DB5A0420264E6FCA00EBC762 /* FUNKY_HOUSE.mp3 */ = {isa = PBXFileReference; lastKnownFileType = audio.mp3; path = FUNKY_HOUSE.mp3; sourceTree = "<group>"; };
		DB5A0422264E6FEB00EBC762 /* WalkingOnSunshine.wav */ = {isa = PBXFileReference; lastKnownFileType = audio.wav; path = WalkingOnSunshine.wav; sourceTree = "<group>"; };
		DB5A0424264E6FF500EBC762 /* Telephone.wav */ = {isa = PBXFileReference; lastKnownFileType = audio.wav; path = Telephone.wav; sourceTree = "<group>"; };
		DB5A0426264E6FFB00EBC762 /* Car.wav */ = {isa = PBXFileReference; lastKnownFileType = audio.wav; path = Car.wav; sourceTree = "<group>"; };
		DB5A042E264F31B800EBC762 /* ViewController3.h */ = {isa = PBXFileReference; lastKnownFileType = sourcecode.c.h; path = ViewController3.h; sourceTree = "<group>"; };
		DB5A042F264F31B800EBC762 /* ViewController3.mm */ = {isa = PBXFileReference; lastKnownFileType = sourcecode.cpp.objcpp; path = ViewController3.mm; sourceTree = "<group>"; };
		DB752B7626548CF4000BD73A /* AndantePiano37.wav */ = {isa = PBXFileReference; lastKnownFileType = audio.wav; path = AndantePiano37.wav; sourceTree = "<group>"; };
		DB752B7726548CF4000BD73A /* AndantePiano36.wav */ = {isa = PBXFileReference; lastKnownFileType = audio.wav; path = AndantePiano36.wav; sourceTree = "<group>"; };
		DB752B7826548CF4000BD73A /* AndantePiano34.wav */ = {isa = PBXFileReference; lastKnownFileType = audio.wav; path = AndantePiano34.wav; sourceTree = "<group>"; };
		DB752B7926548CF4000BD73A /* AndantePiano35.wav */ = {isa = PBXFileReference; lastKnownFileType = audio.wav; path = AndantePiano35.wav; sourceTree = "<group>"; };
		DB752B7A26548CF4000BD73A /* AndantePiano31.wav */ = {isa = PBXFileReference; lastKnownFileType = audio.wav; path = AndantePiano31.wav; sourceTree = "<group>"; };
		DB752B7B26548CF4000BD73A /* AndantePiano25.wav */ = {isa = PBXFileReference; lastKnownFileType = audio.wav; path = AndantePiano25.wav; sourceTree = "<group>"; };
		DB752B7C26548CF4000BD73A /* AndantePiano24.wav */ = {isa = PBXFileReference; lastKnownFileType = audio.wav; path = AndantePiano24.wav; sourceTree = "<group>"; };
		DB752B7D26548CF4000BD73A /* AndantePiano30.wav */ = {isa = PBXFileReference; lastKnownFileType = audio.wav; path = AndantePiano30.wav; sourceTree = "<group>"; };
		DB752B7E26548CF4000BD73A /* AndantePiano26.wav */ = {isa = PBXFileReference; lastKnownFileType = audio.wav; path = AndantePiano26.wav; sourceTree = "<group>"; };
		DB752B7F26548CF4000BD73A /* AndantePiano32.wav */ = {isa = PBXFileReference; lastKnownFileType = audio.wav; path = AndantePiano32.wav; sourceTree = "<group>"; };
		DB752B8026548CF4000BD73A /* AndantePiano33.wav */ = {isa = PBXFileReference; lastKnownFileType = audio.wav; path = AndantePiano33.wav; sourceTree = "<group>"; };
		DB752B8126548CF4000BD73A /* AndantePiano27.wav */ = {isa = PBXFileReference; lastKnownFileType = audio.wav; path = AndantePiano27.wav; sourceTree = "<group>"; };
		DB752B8226548CF4000BD73A /* AndantePiano68.wav */ = {isa = PBXFileReference; lastKnownFileType = audio.wav; path = AndantePiano68.wav; sourceTree = "<group>"; };
		DB752B8326548CF4000BD73A /* AndantePiano40.wav */ = {isa = PBXFileReference; lastKnownFileType = audio.wav; path = AndantePiano40.wav; sourceTree = "<group>"; };
		DB752B8426548CF4000BD73A /* AndantePiano54.wav */ = {isa = PBXFileReference; lastKnownFileType = audio.wav; path = AndantePiano54.wav; sourceTree = "<group>"; };
		DB752B8526548CF4000BD73A /* AndantePiano83.wav */ = {isa = PBXFileReference; lastKnownFileType = audio.wav; path = AndantePiano83.wav; sourceTree = "<group>"; };
		DB752B8626548CF4000BD73A /* AndantePiano96.wav */ = {isa = PBXFileReference; lastKnownFileType = audio.wav; path = AndantePiano96.wav; sourceTree = "<group>"; };
		DB752B8726548CF4000BD73A /* AndantePiano82.wav */ = {isa = PBXFileReference; lastKnownFileType = audio.wav; path = AndantePiano82.wav; sourceTree = "<group>"; };
		DB752B8826548CF4000BD73A /* AndantePiano55.wav */ = {isa = PBXFileReference; lastKnownFileType = audio.wav; path = AndantePiano55.wav; sourceTree = "<group>"; };
		DB752B8926548CF4000BD73A /* AndantePiano41.wav */ = {isa = PBXFileReference; lastKnownFileType = audio.wav; path = AndantePiano41.wav; sourceTree = "<group>"; };
		DB752B8A26548CF4000BD73A /* AndantePiano69.wav */ = {isa = PBXFileReference; lastKnownFileType = audio.wav; path = AndantePiano69.wav; sourceTree = "<group>"; };
		DB752B8B26548CF4000BD73A /* AndantePiano57.wav */ = {isa = PBXFileReference; lastKnownFileType = audio.wav; path = AndantePiano57.wav; sourceTree = "<group>"; };
		DB752B8C26548CF4000BD73A /* AndantePiano43.wav */ = {isa = PBXFileReference; lastKnownFileType = audio.wav; path = AndantePiano43.wav; sourceTree = "<group>"; };
		DB752B8D26548CF4000BD73A /* AndantePiano94.wav */ = {isa = PBXFileReference; lastKnownFileType = audio.wav; path = AndantePiano94.wav; sourceTree = "<group>"; };
		DB752B8E26548CF4000BD73A /* AndantePiano80.wav */ = {isa = PBXFileReference; lastKnownFileType = audio.wav; path = AndantePiano80.wav; sourceTree = "<group>"; };
		DB752B8F26548CF4000BD73A /* AndantePiano81.wav */ = {isa = PBXFileReference; lastKnownFileType = audio.wav; path = AndantePiano81.wav; sourceTree = "<group>"; };
		DB752B9026548CF4000BD73A /* AndantePiano95.wav */ = {isa = PBXFileReference; lastKnownFileType = audio.wav; path = AndantePiano95.wav; sourceTree = "<group>"; };
		DB752B9126548CF4000BD73A /* AndantePiano42.wav */ = {isa = PBXFileReference; lastKnownFileType = audio.wav; path = AndantePiano42.wav; sourceTree = "<group>"; };
		DB752B9226548CF4000BD73A /* AndantePiano56.wav */ = {isa = PBXFileReference; lastKnownFileType = audio.wav; path = AndantePiano56.wav; sourceTree = "<group>"; };
		DB752B9326548CF4000BD73A /* AndantePiano52.wav */ = {isa = PBXFileReference; lastKnownFileType = audio.wav; path = AndantePiano52.wav; sourceTree = "<group>"; };
		DB752B9426548CF4000BD73A /* AndantePiano46.wav */ = {isa = PBXFileReference; lastKnownFileType = audio.wav; path = AndantePiano46.wav; sourceTree = "<group>"; };
		DB752B9526548CF4000BD73A /* AndantePiano91.wav */ = {isa = PBXFileReference; lastKnownFileType = audio.wav; path = AndantePiano91.wav; sourceTree = "<group>"; };
		DB752B9626548CF4000BD73A /* AndantePiano85.wav */ = {isa = PBXFileReference; lastKnownFileType = audio.wav; path = AndantePiano85.wav; sourceTree = "<group>"; };
		DB752B9726548CF4000BD73A /* AndantePiano84.wav */ = {isa = PBXFileReference; lastKnownFileType = audio.wav; path = AndantePiano84.wav; sourceTree = "<group>"; };
		DB752B9826548CF4000BD73A /* AndantePiano90.wav */ = {isa = PBXFileReference; lastKnownFileType = audio.wav; path = AndantePiano90.wav; sourceTree = "<group>"; };
		DB752B9926548CF4000BD73A /* AndantePiano47.wav */ = {isa = PBXFileReference; lastKnownFileType = audio.wav; path = AndantePiano47.wav; sourceTree = "<group>"; };
		DB752B9A26548CF4000BD73A /* AndantePiano53.wav */ = {isa = PBXFileReference; lastKnownFileType = audio.wav; path = AndantePiano53.wav; sourceTree = "<group>"; };
		DB752B9B26548CF4000BD73A /* AndantePiano45.wav */ = {isa = PBXFileReference; lastKnownFileType = audio.wav; path = AndantePiano45.wav; sourceTree = "<group>"; };
		DB752B9C26548CF4000BD73A /* AndantePiano51.wav */ = {isa = PBXFileReference; lastKnownFileType = audio.wav; path = AndantePiano51.wav; sourceTree = "<group>"; };
		DB752B9D26548CF4000BD73A /* AndantePiano79.wav */ = {isa = PBXFileReference; lastKnownFileType = audio.wav; path = AndantePiano79.wav; sourceTree = "<group>"; };
		DB752B9E26548CF4000BD73A /* AndantePiano86.wav */ = {isa = PBXFileReference; lastKnownFileType = audio.wav; path = AndantePiano86.wav; sourceTree = "<group>"; };
		DB752B9F26548CF4000BD73A /* AndantePiano92.wav */ = {isa = PBXFileReference; lastKnownFileType = audio.wav; path = AndantePiano92.wav; sourceTree = "<group>"; };
		DB752BA026548CF4000BD73A /* AndantePiano93.wav */ = {isa = PBXFileReference; lastKnownFileType = audio.wav; path = AndantePiano93.wav; sourceTree = "<group>"; };
		DB752BA126548CF4000BD73A /* AndantePiano87.wav */ = {isa = PBXFileReference; lastKnownFileType = audio.wav; path = AndantePiano87.wav; sourceTree = "<group>"; };
		DB752BA226548CF4000BD73A /* AndantePiano78.wav */ = {isa = PBXFileReference; lastKnownFileType = audio.wav; path = AndantePiano78.wav; sourceTree = "<group>"; };
		DB752BA326548CF4000BD73A /* AndantePiano50.wav */ = {isa = PBXFileReference; lastKnownFileType = audio.wav; path = AndantePiano50.wav; sourceTree = "<group>"; };
		DB752BA426548CF4000BD73A /* AndantePiano44.wav */ = {isa = PBXFileReference; lastKnownFileType = audio.wav; path = AndantePiano44.wav; sourceTree = "<group>"; };
		DB752BA526548CF4000BD73A /* AndantePiano49.wav */ = {isa = PBXFileReference; lastKnownFileType = audio.wav; path = AndantePiano49.wav; sourceTree = "<group>"; };
		DB752BA626548CF4000BD73A /* AndantePiano61.wav */ = {isa = PBXFileReference; lastKnownFileType = audio.wav; path = AndantePiano61.wav; sourceTree = "<group>"; };
		DB752BA726548CF4000BD73A /* AndantePiano75.wav */ = {isa = PBXFileReference; lastKnownFileType = audio.wav; path = AndantePiano75.wav; sourceTree = "<group>"; };
		DB752BA826548CF4000BD73A /* AndantePiano74.wav */ = {isa = PBXFileReference; lastKnownFileType = audio.wav; path = AndantePiano74.wav; sourceTree = "<group>"; };
		DB752BA926548CF4000BD73A /* AndantePiano60.wav */ = {isa = PBXFileReference; lastKnownFileType = audio.wav; path = AndantePiano60.wav; sourceTree = "<group>"; };
		DB752BAA26548CF4000BD73A /* AndantePiano48.wav */ = {isa = PBXFileReference; lastKnownFileType = audio.wav; path = AndantePiano48.wav; sourceTree = "<group>"; };
		DB752BAB26548CF4000BD73A /* AndantePiano76.wav */ = {isa = PBXFileReference; lastKnownFileType = audio.wav; path = AndantePiano76.wav; sourceTree = "<group>"; };
		DB752BAC26548CF4000BD73A /* AndantePiano62.wav */ = {isa = PBXFileReference; lastKnownFileType = audio.wav; path = AndantePiano62.wav; sourceTree = "<group>"; };
		DB752BAD26548CF4000BD73A /* AndantePiano89.wav */ = {isa = PBXFileReference; lastKnownFileType = audio.wav; path = AndantePiano89.wav; sourceTree = "<group>"; };
		DB752BAE26548CF4000BD73A /* AndantePiano88.wav */ = {isa = PBXFileReference; lastKnownFileType = audio.wav; path = AndantePiano88.wav; sourceTree = "<group>"; };
		DB752BAF26548CF4000BD73A /* AndantePiano63.wav */ = {isa = PBXFileReference; lastKnownFileType = audio.wav; path = AndantePiano63.wav; sourceTree = "<group>"; };
		DB752BB026548CF4000BD73A /* AndantePiano77.wav */ = {isa = PBXFileReference; lastKnownFileType = audio.wav; path = AndantePiano77.wav; sourceTree = "<group>"; };
		DB752BB126548CF4000BD73A /* AndantePiano73.wav */ = {isa = PBXFileReference; lastKnownFileType = audio.wav; path = AndantePiano73.wav; sourceTree = "<group>"; };
		DB752BB226548CF4000BD73A /* AndantePiano67.wav */ = {isa = PBXFileReference; lastKnownFileType = audio.wav; path = AndantePiano67.wav; sourceTree = "<group>"; };
		DB752BB326548CF4000BD73A /* AndantePiano66.wav */ = {isa = PBXFileReference; lastKnownFileType = audio.wav; path = AndantePiano66.wav; sourceTree = "<group>"; };
		DB752BB426548CF4000BD73A /* AndantePiano72.wav */ = {isa = PBXFileReference; lastKnownFileType = audio.wav; path = AndantePiano72.wav; sourceTree = "<group>"; };
		DB752BB526548CF4000BD73A /* AndantePiano64.wav */ = {isa = PBXFileReference; lastKnownFileType = audio.wav; path = AndantePiano64.wav; sourceTree = "<group>"; };
		DB752BB626548CF4000BD73A /* AndantePiano70.wav */ = {isa = PBXFileReference; lastKnownFileType = audio.wav; path = AndantePiano70.wav; sourceTree = "<group>"; };
		DB752BB726548CF4000BD73A /* AndantePiano58.wav */ = {isa = PBXFileReference; lastKnownFileType = audio.wav; path = AndantePiano58.wav; sourceTree = "<group>"; };
		DB752BB826548CF4000BD73A /* AndantePiano59.wav */ = {isa = PBXFileReference; lastKnownFileType = audio.wav; path = AndantePiano59.wav; sourceTree = "<group>"; };
		DB752BB926548CF4000BD73A /* AndantePiano71.wav */ = {isa = PBXFileReference; lastKnownFileType = audio.wav; path = AndantePiano71.wav; sourceTree = "<group>"; };
		DB752BBA26548CF4000BD73A /* AndantePiano65.wav */ = {isa = PBXFileReference; lastKnownFileType = audio.wav; path = AndantePiano65.wav; sourceTree = "<group>"; };
		DB752BBB26548CF4000BD73A /* AndantePiano29.wav */ = {isa = PBXFileReference; lastKnownFileType = audio.wav; path = AndantePiano29.wav; sourceTree = "<group>"; };
		DB752BBC26548CF4000BD73A /* AndantePiano28.wav */ = {isa = PBXFileReference; lastKnownFileType = audio.wav; path = AndantePiano28.wav; sourceTree = "<group>"; };
		DB752BBD26548CF4000BD73A /* AndantePiano38.wav */ = {isa = PBXFileReference; lastKnownFileType = audio.wav; path = AndantePiano38.wav; sourceTree = "<group>"; };
		DB752BBE26548CF4000BD73A /* AndantePiano39.wav */ = {isa = PBXFileReference; lastKnownFileType = audio.wav; path = AndantePiano39.wav; sourceTree = "<group>"; };
		DB78B3B72627841800B42591 /* CoreMIDI.framework */ = {isa = PBXFileReference; lastKnownFileType = wrapper.framework; name = CoreMIDI.framework; path = System/Library/Frameworks/CoreMIDI.framework; sourceTree = SDKROOT; };
		DB78B3B92627842100B42591 /* AudioToolbox.framework */ = {isa = PBXFileReference; lastKnownFileType = wrapper.framework; name = AudioToolbox.framework; path = System/Library/Frameworks/AudioToolbox.framework; sourceTree = SDKROOT; };
		DB78B3E526278C1900B42591 /* CoreBluetooth.framework */ = {isa = PBXFileReference; lastKnownFileType = wrapper.framework; name = CoreBluetooth.framework; path = System/Library/Frameworks/CoreBluetooth.framework; sourceTree = SDKROOT; };
/* End PBXFileReference section */

/* Begin PBXFrameworksBuildPhase section */
		A2E7CC35262188C6006CA38B /* Frameworks */ = {
			isa = PBXFrameworksBuildPhase;
			buildActionMask = 2147483647;
			files = (
				DB5A03FE264B8EF500EBC762 /* AVFoundation.framework in Frameworks */,
				DB78B3E626278C1900B42591 /* CoreBluetooth.framework in Frameworks */,
				DB78B3BA2627842100B42591 /* AudioToolbox.framework in Frameworks */,
				DB78B3B82627841800B42591 /* CoreMIDI.framework in Frameworks */,
			);
			runOnlyForDeploymentPostprocessing = 0;
		};
		A2E7CC50262188CA006CA38B /* Frameworks */ = {
			isa = PBXFrameworksBuildPhase;
			buildActionMask = 2147483647;
			files = (
			);
			runOnlyForDeploymentPostprocessing = 0;
		};
		A2E7CC5B262188CA006CA38B /* Frameworks */ = {
			isa = PBXFrameworksBuildPhase;
			buildActionMask = 2147483647;
			files = (
			);
			runOnlyForDeploymentPostprocessing = 0;
		};
/* End PBXFrameworksBuildPhase section */

/* Begin PBXGroup section */
		A2E7CC2F262188C6006CA38B = {
			isa = PBXGroup;
			children = (
				A2E7CC3A262188C6006CA38B /* faust_music */,
				A2E7CC56262188CA006CA38B /* faust_musicTests */,
				A2E7CC61262188CA006CA38B /* faust_musicUITests */,
				A2E7CC39262188C6006CA38B /* Products */,
				DB78B3B62627841800B42591 /* Frameworks */,
			);
			sourceTree = "<group>";
		};
		A2E7CC39262188C6006CA38B /* Products */ = {
			isa = PBXGroup;
			children = (
				A2E7CC38262188C6006CA38B /* faust_music.app */,
				A2E7CC53262188CA006CA38B /* faust_musicTests.xctest */,
				A2E7CC5E262188CA006CA38B /* faust_musicUITests.xctest */,
			);
			name = Products;
			sourceTree = "<group>";
		};
		A2E7CC3A262188C6006CA38B /* faust_music */ = {
			isa = PBXGroup;
			children = (
				A2E7CC3B262188C6006CA38B /* AppDelegate.h */,
				A2E7CC3C262188C6006CA38B /* AppDelegate.m */,
				A2E7CC3E262188C6006CA38B /* SceneDelegate.h */,
				A2E7CC3F262188C6006CA38B /* SceneDelegate.m */,
				121C26032638B2FA00CFA2F1 /* DspFaust.cpp */,
				121C26022638B2FA00CFA2F1 /* DspFaust.h */,
				A2E7CC41262188C6006CA38B /* ViewController.h */,
				A2E7CC42262188C6006CA38B /* ViewController.mm */,
				DB5A041A264E581800EBC762 /* ViewController2.h */,
				DB5A041B264E581800EBC762 /* ViewController2.mm */,
				DB5A042E264F31B800EBC762 /* ViewController3.h */,
				DB5A042F264F31B800EBC762 /* ViewController3.mm */,
				DB5A0403264CB75300EBC762 /* wav files */,
				A2E7CC44262188C6006CA38B /* Main.storyboard */,
				A2E7CC47262188CA006CA38B /* Assets.xcassets */,
				A2E7CC49262188CA006CA38B /* LaunchScreen.storyboard */,
				A2E7CC4C262188CA006CA38B /* Info.plist */,
				A2E7CC4D262188CA006CA38B /* main.m */,
			);
			path = faust_music;
			sourceTree = "<group>";
		};
		A2E7CC56262188CA006CA38B /* faust_musicTests */ = {
			isa = PBXGroup;
			children = (
				A2E7CC57262188CA006CA38B /* faust_musicTests.m */,
				A2E7CC59262188CA006CA38B /* Info.plist */,
			);
			path = faust_musicTests;
			sourceTree = "<group>";
		};
		A2E7CC61262188CA006CA38B /* faust_musicUITests */ = {
			isa = PBXGroup;
			children = (
				A2E7CC62262188CA006CA38B /* faust_musicUITests.m */,
				A2E7CC64262188CA006CA38B /* Info.plist */,
			);
			path = faust_musicUITests;
			sourceTree = "<group>";
		};
		DB5A0403264CB75300EBC762 /* wav files */ = {
			isa = PBXGroup;
			children = (
				DB752B7526548CF4000BD73A /* numberedPiano */,
				DB5A0429264E702E00EBC762 /* RandomSounds */,
				DB5A042A264E704800EBC762 /* Songs */,
			);
			path = "wav files";
			sourceTree = "<group>";
		};
		DB5A0429264E702E00EBC762 /* RandomSounds */ = {
			isa = PBXGroup;
			children = (
				DB5A0426264E6FFB00EBC762 /* Car.wav */,
				DB5A0424264E6FF500EBC762 /* Telephone.wav */,
			);
			path = RandomSounds;
			sourceTree = "<group>";
		};
		DB5A042A264E704800EBC762 /* Songs */ = {
			isa = PBXGroup;
			children = (
				DB5A0422264E6FEB00EBC762 /* WalkingOnSunshine.wav */,
				DB5A03FF264B9FAC00EBC762 /* SleepWalkChords.wav */,
				DB5A0420264E6FCA00EBC762 /* FUNKY_HOUSE.mp3 */,
			);
			path = Songs;
			sourceTree = "<group>";
		};
		DB752B7526548CF4000BD73A /* numberedPiano */ = {
			isa = PBXGroup;
			children = (
				DB752B7626548CF4000BD73A /* AndantePiano37.wav */,
				DB752B7726548CF4000BD73A /* AndantePiano36.wav */,
				DB752B7826548CF4000BD73A /* AndantePiano34.wav */,
				DB752B7926548CF4000BD73A /* AndantePiano35.wav */,
				DB752B7A26548CF4000BD73A /* AndantePiano31.wav */,
				DB752B7B26548CF4000BD73A /* AndantePiano25.wav */,
				DB752B7C26548CF4000BD73A /* AndantePiano24.wav */,
				DB752B7D26548CF4000BD73A /* AndantePiano30.wav */,
				DB752B7E26548CF4000BD73A /* AndantePiano26.wav */,
				DB752B7F26548CF4000BD73A /* AndantePiano32.wav */,
				DB752B8026548CF4000BD73A /* AndantePiano33.wav */,
				DB752B8126548CF4000BD73A /* AndantePiano27.wav */,
				DB752B8226548CF4000BD73A /* AndantePiano68.wav */,
				DB752B8326548CF4000BD73A /* AndantePiano40.wav */,
				DB752B8426548CF4000BD73A /* AndantePiano54.wav */,
				DB752B8526548CF4000BD73A /* AndantePiano83.wav */,
				DB752B8626548CF4000BD73A /* AndantePiano96.wav */,
				DB752B8726548CF4000BD73A /* AndantePiano82.wav */,
				DB752B8826548CF4000BD73A /* AndantePiano55.wav */,
				DB752B8926548CF4000BD73A /* AndantePiano41.wav */,
				DB752B8A26548CF4000BD73A /* AndantePiano69.wav */,
				DB752B8B26548CF4000BD73A /* AndantePiano57.wav */,
				DB752B8C26548CF4000BD73A /* AndantePiano43.wav */,
				DB752B8D26548CF4000BD73A /* AndantePiano94.wav */,
				DB752B8E26548CF4000BD73A /* AndantePiano80.wav */,
				DB752B8F26548CF4000BD73A /* AndantePiano81.wav */,
				DB752B9026548CF4000BD73A /* AndantePiano95.wav */,
				DB752B9126548CF4000BD73A /* AndantePiano42.wav */,
				DB752B9226548CF4000BD73A /* AndantePiano56.wav */,
				DB752B9326548CF4000BD73A /* AndantePiano52.wav */,
				DB752B9426548CF4000BD73A /* AndantePiano46.wav */,
				DB752B9526548CF4000BD73A /* AndantePiano91.wav */,
				DB752B9626548CF4000BD73A /* AndantePiano85.wav */,
				DB752B9726548CF4000BD73A /* AndantePiano84.wav */,
				DB752B9826548CF4000BD73A /* AndantePiano90.wav */,
				DB752B9926548CF4000BD73A /* AndantePiano47.wav */,
				DB752B9A26548CF4000BD73A /* AndantePiano53.wav */,
				DB752B9B26548CF4000BD73A /* AndantePiano45.wav */,
				DB752B9C26548CF4000BD73A /* AndantePiano51.wav */,
				DB752B9D26548CF4000BD73A /* AndantePiano79.wav */,
				DB752B9E26548CF4000BD73A /* AndantePiano86.wav */,
				DB752B9F26548CF4000BD73A /* AndantePiano92.wav */,
				DB752BA026548CF4000BD73A /* AndantePiano93.wav */,
				DB752BA126548CF4000BD73A /* AndantePiano87.wav */,
				DB752BA226548CF4000BD73A /* AndantePiano78.wav */,
				DB752BA326548CF4000BD73A /* AndantePiano50.wav */,
				DB752BA426548CF4000BD73A /* AndantePiano44.wav */,
				DB752BA526548CF4000BD73A /* AndantePiano49.wav */,
				DB752BA626548CF4000BD73A /* AndantePiano61.wav */,
				DB752BA726548CF4000BD73A /* AndantePiano75.wav */,
				DB752BA826548CF4000BD73A /* AndantePiano74.wav */,
				DB752BA926548CF4000BD73A /* AndantePiano60.wav */,
				DB752BAA26548CF4000BD73A /* AndantePiano48.wav */,
				DB752BAB26548CF4000BD73A /* AndantePiano76.wav */,
				DB752BAC26548CF4000BD73A /* AndantePiano62.wav */,
				DB752BAD26548CF4000BD73A /* AndantePiano89.wav */,
				DB752BAE26548CF4000BD73A /* AndantePiano88.wav */,
				DB752BAF26548CF4000BD73A /* AndantePiano63.wav */,
				DB752BB026548CF4000BD73A /* AndantePiano77.wav */,
				DB752BB126548CF4000BD73A /* AndantePiano73.wav */,
				DB752BB226548CF4000BD73A /* AndantePiano67.wav */,
				DB752BB326548CF4000BD73A /* AndantePiano66.wav */,
				DB752BB426548CF4000BD73A /* AndantePiano72.wav */,
				DB752BB526548CF4000BD73A /* AndantePiano64.wav */,
				DB752BB626548CF4000BD73A /* AndantePiano70.wav */,
				DB752BB726548CF4000BD73A /* AndantePiano58.wav */,
				DB752BB826548CF4000BD73A /* AndantePiano59.wav */,
				DB752BB926548CF4000BD73A /* AndantePiano71.wav */,
				DB752BBA26548CF4000BD73A /* AndantePiano65.wav */,
				DB752BBB26548CF4000BD73A /* AndantePiano29.wav */,
				DB752BBC26548CF4000BD73A /* AndantePiano28.wav */,
				DB752BBD26548CF4000BD73A /* AndantePiano38.wav */,
				DB752BBE26548CF4000BD73A /* AndantePiano39.wav */,
			);
			name = numberedPiano;
			path = faust_music/numberedPiano;
			sourceTree = SOURCE_ROOT;
		};
		DB78B3B62627841800B42591 /* Frameworks */ = {
			isa = PBXGroup;
			children = (
				DB5A03FD264B8EF500EBC762 /* AVFoundation.framework */,
				DB78B3E526278C1900B42591 /* CoreBluetooth.framework */,
				DB78B3B92627842100B42591 /* AudioToolbox.framework */,
				DB78B3B72627841800B42591 /* CoreMIDI.framework */,
			);
			name = Frameworks;
			sourceTree = "<group>";
		};
/* End PBXGroup section */

/* Begin PBXNativeTarget section */
		A2E7CC37262188C6006CA38B /* faust_music */ = {
			isa = PBXNativeTarget;
			buildConfigurationList = A2E7CC67262188CA006CA38B /* Build configuration list for PBXNativeTarget "faust_music" */;
			buildPhases = (
				A2E7CC34262188C6006CA38B /* Sources */,
				A2E7CC35262188C6006CA38B /* Frameworks */,
				A2E7CC36262188C6006CA38B /* Resources */,
			);
			buildRules = (
			);
			dependencies = (
			);
			name = faust_music;
			productName = faust_music;
			productReference = A2E7CC38262188C6006CA38B /* faust_music.app */;
			productType = "com.apple.product-type.application";
		};
		A2E7CC52262188CA006CA38B /* faust_musicTests */ = {
			isa = PBXNativeTarget;
			buildConfigurationList = A2E7CC6A262188CA006CA38B /* Build configuration list for PBXNativeTarget "faust_musicTests" */;
			buildPhases = (
				A2E7CC4F262188CA006CA38B /* Sources */,
				A2E7CC50262188CA006CA38B /* Frameworks */,
				A2E7CC51262188CA006CA38B /* Resources */,
			);
			buildRules = (
			);
			dependencies = (
				A2E7CC55262188CA006CA38B /* PBXTargetDependency */,
			);
			name = faust_musicTests;
			productName = faust_musicTests;
			productReference = A2E7CC53262188CA006CA38B /* faust_musicTests.xctest */;
			productType = "com.apple.product-type.bundle.unit-test";
		};
		A2E7CC5D262188CA006CA38B /* faust_musicUITests */ = {
			isa = PBXNativeTarget;
			buildConfigurationList = A2E7CC6D262188CA006CA38B /* Build configuration list for PBXNativeTarget "faust_musicUITests" */;
			buildPhases = (
				A2E7CC5A262188CA006CA38B /* Sources */,
				A2E7CC5B262188CA006CA38B /* Frameworks */,
				A2E7CC5C262188CA006CA38B /* Resources */,
			);
			buildRules = (
			);
			dependencies = (
				A2E7CC60262188CA006CA38B /* PBXTargetDependency */,
			);
			name = faust_musicUITests;
			productName = faust_musicUITests;
			productReference = A2E7CC5E262188CA006CA38B /* faust_musicUITests.xctest */;
			productType = "com.apple.product-type.bundle.ui-testing";
		};
/* End PBXNativeTarget section */

/* Begin PBXProject section */
		A2E7CC30262188C6006CA38B /* Project object */ = {
			isa = PBXProject;
			attributes = {
				LastUpgradeCheck = 1240;
				TargetAttributes = {
					A2E7CC37262188C6006CA38B = {
						CreatedOnToolsVersion = 12.4;
					};
					A2E7CC52262188CA006CA38B = {
						CreatedOnToolsVersion = 12.4;
						TestTargetID = A2E7CC37262188C6006CA38B;
					};
					A2E7CC5D262188CA006CA38B = {
						CreatedOnToolsVersion = 12.4;
						TestTargetID = A2E7CC37262188C6006CA38B;
					};
				};
			};
			buildConfigurationList = A2E7CC33262188C6006CA38B /* Build configuration list for PBXProject "faust_music" */;
			compatibilityVersion = "Xcode 9.3";
			developmentRegion = en;
			hasScannedForEncodings = 0;
			knownRegions = (
				en,
				Base,
			);
			mainGroup = A2E7CC2F262188C6006CA38B;
			productRefGroup = A2E7CC39262188C6006CA38B /* Products */;
			projectDirPath = "";
			projectRoot = "";
			targets = (
				A2E7CC37262188C6006CA38B /* faust_music */,
				A2E7CC52262188CA006CA38B /* faust_musicTests */,
				A2E7CC5D262188CA006CA38B /* faust_musicUITests */,
			);
		};
/* End PBXProject section */

/* Begin PBXResourcesBuildPhase section */
		A2E7CC36262188C6006CA38B /* Resources */ = {
			isa = PBXResourcesBuildPhase;
			buildActionMask = 2147483647;
			files = (
				A2E7CC4B262188CA006CA38B /* LaunchScreen.storyboard in Resources */,
				DB752C0526548CF5000BD73A /* AndantePiano28.wav in Resources */,
				DB752BF426548CF4000BD73A /* AndantePiano76.wav in Resources */,
				DB752BE826548CF4000BD73A /* AndantePiano92.wav in Resources */,
				DB752BCA26548CF4000BD73A /* AndantePiano27.wav in Resources */,
				DB752BEF26548CF4000BD73A /* AndantePiano61.wav in Resources */,
				DB752BF026548CF4000BD73A /* AndantePiano75.wav in Resources */,
				DB752C0126548CF5000BD73A /* AndantePiano59.wav in Resources */,
				DB752BC026548CF4000BD73A /* AndantePiano36.wav in Resources */,
				DB752BE926548CF4000BD73A /* AndantePiano93.wav in Resources */,
				DB752BCE26548CF4000BD73A /* AndantePiano83.wav in Resources */,
				DB752C0626548CF5000BD73A /* AndantePiano38.wav in Resources */,
				DB5A0427264E6FFB00EBC762 /* Car.wav in Resources */,
				DB752BF126548CF4000BD73A /* AndantePiano74.wav in Resources */,
				DB752C0326548CF5000BD73A /* AndantePiano65.wav in Resources */,
				DB752BF726548CF4000BD73A /* AndantePiano88.wav in Resources */,
				DB752BE426548CF4000BD73A /* AndantePiano45.wav in Resources */,
				DB752BD226548CF4000BD73A /* AndantePiano41.wav in Resources */,
				DB752BE726548CF4000BD73A /* AndantePiano86.wav in Resources */,
				DB752BE526548CF4000BD73A /* AndantePiano51.wav in Resources */,
				DB752BFC26548CF5000BD73A /* AndantePiano66.wav in Resources */,
				DB752BEA26548CF4000BD73A /* AndantePiano87.wav in Resources */,
				DB752BFE26548CF5000BD73A /* AndantePiano64.wav in Resources */,
				DB752BE326548CF4000BD73A /* AndantePiano53.wav in Resources */,
				DB752BC626548CF4000BD73A /* AndantePiano30.wav in Resources */,
				DB752BFF26548CF5000BD73A /* AndantePiano70.wav in Resources */,
				DB752BD826548CF4000BD73A /* AndantePiano81.wav in Resources */,
				DB752BCF26548CF4000BD73A /* AndantePiano96.wav in Resources */,
				DB752BDC26548CF4000BD73A /* AndantePiano52.wav in Resources */,
				DB752BF326548CF4000BD73A /* AndantePiano48.wav in Resources */,
				DB752BDF26548CF4000BD73A /* AndantePiano85.wav in Resources */,
				DB752C0226548CF5000BD73A /* AndantePiano71.wav in Resources */,
				DB5A0425264E6FF500EBC762 /* Telephone.wav in Resources */,
				DB752BEB26548CF4000BD73A /* AndantePiano78.wav in Resources */,
				DB752BE126548CF4000BD73A /* AndantePiano90.wav in Resources */,
				DB752BDD26548CF4000BD73A /* AndantePiano46.wav in Resources */,
				DB752BBF26548CF4000BD73A /* AndantePiano37.wav in Resources */,
				A2E7CC48262188CA006CA38B /* Assets.xcassets in Resources */,
				DB5A0421264E6FCA00EBC762 /* FUNKY_HOUSE.mp3 in Resources */,
				DB752BC726548CF4000BD73A /* AndantePiano26.wav in Resources */,
				DB752BFD26548CF5000BD73A /* AndantePiano72.wav in Resources */,
				DB752BD626548CF4000BD73A /* AndantePiano94.wav in Resources */,
				DB752BCC26548CF4000BD73A /* AndantePiano40.wav in Resources */,
				DB752BD926548CF4000BD73A /* AndantePiano95.wav in Resources */,
				DB752BE026548CF4000BD73A /* AndantePiano84.wav in Resources */,
				DB752BD726548CF4000BD73A /* AndantePiano80.wav in Resources */,
				DB752BC926548CF4000BD73A /* AndantePiano33.wav in Resources */,
				DB5A0400264B9FAC00EBC762 /* SleepWalkChords.wav in Resources */,
				DB752BC226548CF4000BD73A /* AndantePiano35.wav in Resources */,
				DB752BC426548CF4000BD73A /* AndantePiano25.wav in Resources */,
				DB5A0423264E6FEB00EBC762 /* WalkingOnSunshine.wav in Resources */,
				DB752BED26548CF4000BD73A /* AndantePiano44.wav in Resources */,
				DB752BF826548CF5000BD73A /* AndantePiano63.wav in Resources */,
				DB752BEE26548CF4000BD73A /* AndantePiano49.wav in Resources */,
				DB752BCD26548CF4000BD73A /* AndantePiano54.wav in Resources */,
				DB752BE626548CF4000BD73A /* AndantePiano79.wav in Resources */,
				DB752BDE26548CF4000BD73A /* AndantePiano91.wav in Resources */,
				DB752BC526548CF4000BD73A /* AndantePiano24.wav in Resources */,
				DB752BF926548CF5000BD73A /* AndantePiano77.wav in Resources */,
				A2E7CC46262188C6006CA38B /* Main.storyboard in Resources */,
				DB752BF226548CF4000BD73A /* AndantePiano60.wav in Resources */,
				DB752BF626548CF4000BD73A /* AndantePiano89.wav in Resources */,
				DB752BDB26548CF4000BD73A /* AndantePiano56.wav in Resources */,
				DB752BCB26548CF4000BD73A /* AndantePiano68.wav in Resources */,
				DB752BD126548CF4000BD73A /* AndantePiano55.wav in Resources */,
				DB752C0426548CF5000BD73A /* AndantePiano29.wav in Resources */,
				DB752BD326548CF4000BD73A /* AndantePiano69.wav in Resources */,
				DB752BFB26548CF5000BD73A /* AndantePiano67.wav in Resources */,
				DB752BEC26548CF4000BD73A /* AndantePiano50.wav in Resources */,
				DB752C0026548CF5000BD73A /* AndantePiano58.wav in Resources */,
				DB752BFA26548CF5000BD73A /* AndantePiano73.wav in Resources */,
				DB752BC326548CF4000BD73A /* AndantePiano31.wav in Resources */,
				DB752BDA26548CF4000BD73A /* AndantePiano42.wav in Resources */,
				DB752C0726548CF5000BD73A /* AndantePiano39.wav in Resources */,
				DB752BF526548CF4000BD73A /* AndantePiano62.wav in Resources */,
				DB752BD526548CF4000BD73A /* AndantePiano43.wav in Resources */,
				DB752BE226548CF4000BD73A /* AndantePiano47.wav in Resources */,
				DB752BD426548CF4000BD73A /* AndantePiano57.wav in Resources */,
				DB752BC126548CF4000BD73A /* AndantePiano34.wav in Resources */,
				DB752BD026548CF4000BD73A /* AndantePiano82.wav in Resources */,
				DB752BC826548CF4000BD73A /* AndantePiano32.wav in Resources */,
			);
			runOnlyForDeploymentPostprocessing = 0;
		};
		A2E7CC51262188CA006CA38B /* Resources */ = {
			isa = PBXResourcesBuildPhase;
			buildActionMask = 2147483647;
			files = (
			);
			runOnlyForDeploymentPostprocessing = 0;
		};
		A2E7CC5C262188CA006CA38B /* Resources */ = {
			isa = PBXResourcesBuildPhase;
			buildActionMask = 2147483647;
			files = (
			);
			runOnlyForDeploymentPostprocessing = 0;
		};
/* End PBXResourcesBuildPhase section */

/* Begin PBXSourcesBuildPhase section */
		A2E7CC34262188C6006CA38B /* Sources */ = {
			isa = PBXSourcesBuildPhase;
			buildActionMask = 2147483647;
			files = (
				A2E7CC43262188C6006CA38B /* ViewController.mm in Sources */,
				121C26042638B2FA00CFA2F1 /* DspFaust.cpp in Sources */,
				A2E7CC3D262188C6006CA38B /* AppDelegate.m in Sources */,
				A2E7CC4E262188CA006CA38B /* main.m in Sources */,
				A2E7CC40262188C6006CA38B /* SceneDelegate.m in Sources */,
				DB5A041C264E581800EBC762 /* ViewController2.mm in Sources */,
				DB5A0430264F31B800EBC762 /* ViewController3.mm in Sources */,
			);
			runOnlyForDeploymentPostprocessing = 0;
		};
		A2E7CC4F262188CA006CA38B /* Sources */ = {
			isa = PBXSourcesBuildPhase;
			buildActionMask = 2147483647;
			files = (
				A2E7CC58262188CA006CA38B /* faust_musicTests.m in Sources */,
			);
			runOnlyForDeploymentPostprocessing = 0;
		};
		A2E7CC5A262188CA006CA38B /* Sources */ = {
			isa = PBXSourcesBuildPhase;
			buildActionMask = 2147483647;
			files = (
				A2E7CC63262188CA006CA38B /* faust_musicUITests.m in Sources */,
			);
			runOnlyForDeploymentPostprocessing = 0;
		};
/* End PBXSourcesBuildPhase section */

/* Begin PBXTargetDependency section */
		A2E7CC55262188CA006CA38B /* PBXTargetDependency */ = {
			isa = PBXTargetDependency;
			target = A2E7CC37262188C6006CA38B /* faust_music */;
			targetProxy = A2E7CC54262188CA006CA38B /* PBXContainerItemProxy */;
		};
		A2E7CC60262188CA006CA38B /* PBXTargetDependency */ = {
			isa = PBXTargetDependency;
			target = A2E7CC37262188C6006CA38B /* faust_music */;
			targetProxy = A2E7CC5F262188CA006CA38B /* PBXContainerItemProxy */;
		};
/* End PBXTargetDependency section */

/* Begin PBXVariantGroup section */
		A2E7CC44262188C6006CA38B /* Main.storyboard */ = {
			isa = PBXVariantGroup;
			children = (
				A2E7CC45262188C6006CA38B /* Base */,
			);
			name = Main.storyboard;
			sourceTree = "<group>";
		};
		A2E7CC49262188CA006CA38B /* LaunchScreen.storyboard */ = {
			isa = PBXVariantGroup;
			children = (
				A2E7CC4A262188CA006CA38B /* Base */,
			);
			name = LaunchScreen.storyboard;
			sourceTree = "<group>";
		};
/* End PBXVariantGroup section */

/* Begin XCBuildConfiguration section */
		A2E7CC65262188CA006CA38B /* Debug */ = {
			isa = XCBuildConfiguration;
			buildSettings = {
				ALWAYS_SEARCH_USER_PATHS = NO;
				CLANG_ANALYZER_NONNULL = YES;
				CLANG_ANALYZER_NUMBER_OBJECT_CONVERSION = YES_AGGRESSIVE;
				CLANG_CXX_LANGUAGE_STANDARD = "gnu++14";
				CLANG_CXX_LIBRARY = "libc++";
				CLANG_ENABLE_MODULES = YES;
				CLANG_ENABLE_OBJC_ARC = YES;
				CLANG_ENABLE_OBJC_WEAK = YES;
				CLANG_WARN_BLOCK_CAPTURE_AUTORELEASING = YES;
				CLANG_WARN_BOOL_CONVERSION = YES;
				CLANG_WARN_COMMA = YES;
				CLANG_WARN_CONSTANT_CONVERSION = YES;
				CLANG_WARN_DEPRECATED_OBJC_IMPLEMENTATIONS = YES;
				CLANG_WARN_DIRECT_OBJC_ISA_USAGE = YES_ERROR;
				CLANG_WARN_DOCUMENTATION_COMMENTS = YES;
				CLANG_WARN_EMPTY_BODY = YES;
				CLANG_WARN_ENUM_CONVERSION = YES;
				CLANG_WARN_INFINITE_RECURSION = YES;
				CLANG_WARN_INT_CONVERSION = YES;
				CLANG_WARN_NON_LITERAL_NULL_CONVERSION = YES;
				CLANG_WARN_OBJC_IMPLICIT_RETAIN_SELF = YES;
				CLANG_WARN_OBJC_LITERAL_CONVERSION = YES;
				CLANG_WARN_OBJC_ROOT_CLASS = YES_ERROR;
				CLANG_WARN_QUOTED_INCLUDE_IN_FRAMEWORK_HEADER = YES;
				CLANG_WARN_RANGE_LOOP_ANALYSIS = YES;
				CLANG_WARN_STRICT_PROTOTYPES = YES;
				CLANG_WARN_SUSPICIOUS_MOVE = YES;
				CLANG_WARN_UNGUARDED_AVAILABILITY = YES_AGGRESSIVE;
				CLANG_WARN_UNREACHABLE_CODE = YES;
				CLANG_WARN__DUPLICATE_METHOD_MATCH = YES;
				COPY_PHASE_STRIP = NO;
				DEBUG_INFORMATION_FORMAT = dwarf;
				ENABLE_STRICT_OBJC_MSGSEND = YES;
				ENABLE_TESTABILITY = YES;
				GCC_C_LANGUAGE_STANDARD = gnu11;
				GCC_DYNAMIC_NO_PIC = NO;
				GCC_NO_COMMON_BLOCKS = YES;
				GCC_OPTIMIZATION_LEVEL = 0;
				GCC_PREPROCESSOR_DEFINITIONS = (
					"DEBUG=1",
					"$(inherited)",
				);
				GCC_WARN_64_TO_32_BIT_CONVERSION = YES;
				GCC_WARN_ABOUT_RETURN_TYPE = YES_ERROR;
				GCC_WARN_UNDECLARED_SELECTOR = YES;
				GCC_WARN_UNINITIALIZED_AUTOS = YES_AGGRESSIVE;
				GCC_WARN_UNUSED_FUNCTION = YES;
				GCC_WARN_UNUSED_VARIABLE = YES;
				IPHONEOS_DEPLOYMENT_TARGET = 14.4;
				MTL_ENABLE_DEBUG_INFO = INCLUDE_SOURCE;
				MTL_FAST_MATH = YES;
				ONLY_ACTIVE_ARCH = YES;
				SDKROOT = iphoneos;
			};
			name = Debug;
		};
		A2E7CC66262188CA006CA38B /* Release */ = {
			isa = XCBuildConfiguration;
			buildSettings = {
				ALWAYS_SEARCH_USER_PATHS = NO;
				CLANG_ANALYZER_NONNULL = YES;
				CLANG_ANALYZER_NUMBER_OBJECT_CONVERSION = YES_AGGRESSIVE;
				CLANG_CXX_LANGUAGE_STANDARD = "gnu++14";
				CLANG_CXX_LIBRARY = "libc++";
				CLANG_ENABLE_MODULES = YES;
				CLANG_ENABLE_OBJC_ARC = YES;
				CLANG_ENABLE_OBJC_WEAK = YES;
				CLANG_WARN_BLOCK_CAPTURE_AUTORELEASING = YES;
				CLANG_WARN_BOOL_CONVERSION = YES;
				CLANG_WARN_COMMA = YES;
				CLANG_WARN_CONSTANT_CONVERSION = YES;
				CLANG_WARN_DEPRECATED_OBJC_IMPLEMENTATIONS = YES;
				CLANG_WARN_DIRECT_OBJC_ISA_USAGE = YES_ERROR;
				CLANG_WARN_DOCUMENTATION_COMMENTS = YES;
				CLANG_WARN_EMPTY_BODY = YES;
				CLANG_WARN_ENUM_CONVERSION = YES;
				CLANG_WARN_INFINITE_RECURSION = YES;
				CLANG_WARN_INT_CONVERSION = YES;
				CLANG_WARN_NON_LITERAL_NULL_CONVERSION = YES;
				CLANG_WARN_OBJC_IMPLICIT_RETAIN_SELF = YES;
				CLANG_WARN_OBJC_LITERAL_CONVERSION = YES;
				CLANG_WARN_OBJC_ROOT_CLASS = YES_ERROR;
				CLANG_WARN_QUOTED_INCLUDE_IN_FRAMEWORK_HEADER = YES;
				CLANG_WARN_RANGE_LOOP_ANALYSIS = YES;
				CLANG_WARN_STRICT_PROTOTYPES = YES;
				CLANG_WARN_SUSPICIOUS_MOVE = YES;
				CLANG_WARN_UNGUARDED_AVAILABILITY = YES_AGGRESSIVE;
				CLANG_WARN_UNREACHABLE_CODE = YES;
				CLANG_WARN__DUPLICATE_METHOD_MATCH = YES;
				COPY_PHASE_STRIP = NO;
				DEBUG_INFORMATION_FORMAT = "dwarf-with-dsym";
				ENABLE_NS_ASSERTIONS = NO;
				ENABLE_STRICT_OBJC_MSGSEND = YES;
				GCC_C_LANGUAGE_STANDARD = gnu11;
				GCC_NO_COMMON_BLOCKS = YES;
				GCC_WARN_64_TO_32_BIT_CONVERSION = YES;
				GCC_WARN_ABOUT_RETURN_TYPE = YES_ERROR;
				GCC_WARN_UNDECLARED_SELECTOR = YES;
				GCC_WARN_UNINITIALIZED_AUTOS = YES_AGGRESSIVE;
				GCC_WARN_UNUSED_FUNCTION = YES;
				GCC_WARN_UNUSED_VARIABLE = YES;
				IPHONEOS_DEPLOYMENT_TARGET = 14.4;
				MTL_ENABLE_DEBUG_INFO = NO;
				MTL_FAST_MATH = YES;
				SDKROOT = iphoneos;
				VALIDATE_PRODUCT = YES;
			};
			name = Release;
		};
		A2E7CC68262188CA006CA38B /* Debug */ = {
			isa = XCBuildConfiguration;
			buildSettings = {
				ASSETCATALOG_COMPILER_APPICON_NAME = AppIcon;
				ASSETCATALOG_COMPILER_GLOBAL_ACCENT_COLOR_NAME = AccentColor;
				CODE_SIGN_STYLE = Automatic;
				DEVELOPMENT_TEAM = MDFF28P88G;
				INFOPLIST_FILE = faust_music/Info.plist;
				IPHONEOS_DEPLOYMENT_TARGET = 14.1;
				LD_RUNPATH_SEARCH_PATHS = (
					"$(inherited)",
					"@executable_path/Frameworks",
				);
				PRODUCT_BUNDLE_IDENTIFIER = "andante.faust-music-Melissa22";
				PRODUCT_NAME = "$(TARGET_NAME)";
				TARGETED_DEVICE_FAMILY = "1,2";
			};
			name = Debug;
		};
		A2E7CC69262188CA006CA38B /* Release */ = {
			isa = XCBuildConfiguration;
			buildSettings = {
				ASSETCATALOG_COMPILER_APPICON_NAME = AppIcon;
				ASSETCATALOG_COMPILER_GLOBAL_ACCENT_COLOR_NAME = AccentColor;
				CODE_SIGN_STYLE = Automatic;
				DEVELOPMENT_TEAM = MDFF28P88G;
				INFOPLIST_FILE = faust_music/Info.plist;
				IPHONEOS_DEPLOYMENT_TARGET = 14.1;
				LD_RUNPATH_SEARCH_PATHS = (
					"$(inherited)",
					"@executable_path/Frameworks",
				);
				PRODUCT_BUNDLE_IDENTIFIER = "andante.faust-music-Melissa22";
				PRODUCT_NAME = "$(TARGET_NAME)";
				TARGETED_DEVICE_FAMILY = "1,2";
			};
			name = Release;
		};
		A2E7CC6B262188CA006CA38B /* Debug */ = {
			isa = XCBuildConfiguration;
			buildSettings = {
				BUNDLE_LOADER = "$(TEST_HOST)";
				CODE_SIGN_STYLE = Automatic;
				DEVELOPMENT_TEAM = T4VPBQ628H;
				INFOPLIST_FILE = faust_musicTests/Info.plist;
				IPHONEOS_DEPLOYMENT_TARGET = 14.4;
				LD_RUNPATH_SEARCH_PATHS = (
					"$(inherited)",
					"@executable_path/Frameworks",
					"@loader_path/Frameworks",
				);
				PRODUCT_BUNDLE_IDENTIFIER = "andante.faust-musicTests";
				PRODUCT_NAME = "$(TARGET_NAME)";
				TARGETED_DEVICE_FAMILY = "1,2";
				TEST_HOST = "$(BUILT_PRODUCTS_DIR)/faust_music.app/faust_music";
			};
			name = Debug;
		};
		A2E7CC6C262188CA006CA38B /* Release */ = {
			isa = XCBuildConfiguration;
			buildSettings = {
				BUNDLE_LOADER = "$(TEST_HOST)";
				CODE_SIGN_STYLE = Automatic;
				DEVELOPMENT_TEAM = T4VPBQ628H;
				INFOPLIST_FILE = faust_musicTests/Info.plist;
				IPHONEOS_DEPLOYMENT_TARGET = 14.4;
				LD_RUNPATH_SEARCH_PATHS = (
					"$(inherited)",
					"@executable_path/Frameworks",
					"@loader_path/Frameworks",
				);
				PRODUCT_BUNDLE_IDENTIFIER = "andante.faust-musicTests";
				PRODUCT_NAME = "$(TARGET_NAME)";
				TARGETED_DEVICE_FAMILY = "1,2";
				TEST_HOST = "$(BUILT_PRODUCTS_DIR)/faust_music.app/faust_music";
			};
			name = Release;
		};
		A2E7CC6E262188CA006CA38B /* Debug */ = {
			isa = XCBuildConfiguration;
			buildSettings = {
				CODE_SIGN_STYLE = Automatic;
				DEVELOPMENT_TEAM = T4VPBQ628H;
				INFOPLIST_FILE = faust_musicUITests/Info.plist;
				LD_RUNPATH_SEARCH_PATHS = (
					"$(inherited)",
					"@executable_path/Frameworks",
					"@loader_path/Frameworks",
				);
				LIBRARY_SEARCH_PATHS = (
					"$(inherited)",
					"$(PROJECT_DIR)/faust_musicUITests/untitled\\ 2_STAR***",
				);
				PRODUCT_BUNDLE_IDENTIFIER = "andante.faust-musicUITests";
				PRODUCT_NAME = "$(TARGET_NAME)";
				TARGETED_DEVICE_FAMILY = "1,2";
				TEST_TARGET_NAME = faust_music;
			};
			name = Debug;
		};
		A2E7CC6F262188CA006CA38B /* Release */ = {
			isa = XCBuildConfiguration;
			buildSettings = {
				CODE_SIGN_STYLE = Automatic;
				DEVELOPMENT_TEAM = T4VPBQ628H;
				INFOPLIST_FILE = faust_musicUITests/Info.plist;
				LD_RUNPATH_SEARCH_PATHS = (
					"$(inherited)",
					"@executable_path/Frameworks",
					"@loader_path/Frameworks",
				);
				LIBRARY_SEARCH_PATHS = (
					"$(inherited)",
					"$(PROJECT_DIR)/faust_musicUITests/untitled\\ 2_STAR***",
				);
				PRODUCT_BUNDLE_IDENTIFIER = "andante.faust-musicUITests";
				PRODUCT_NAME = "$(TARGET_NAME)";
				TARGETED_DEVICE_FAMILY = "1,2";
				TEST_TARGET_NAME = faust_music;
			};
			name = Release;
		};
/* End XCBuildConfiguration section */

/* Begin XCConfigurationList section */
		A2E7CC33262188C6006CA38B /* Build configuration list for PBXProject "faust_music" */ = {
			isa = XCConfigurationList;
			buildConfigurations = (
				A2E7CC65262188CA006CA38B /* Debug */,
				A2E7CC66262188CA006CA38B /* Release */,
			);
			defaultConfigurationIsVisible = 0;
			defaultConfigurationName = Release;
		};
		A2E7CC67262188CA006CA38B /* Build configuration list for PBXNativeTarget "faust_music" */ = {
			isa = XCConfigurationList;
			buildConfigurations = (
				A2E7CC68262188CA006CA38B /* Debug */,
				A2E7CC69262188CA006CA38B /* Release */,
			);
			defaultConfigurationIsVisible = 0;
			defaultConfigurationName = Release;
		};
		A2E7CC6A262188CA006CA38B /* Build configuration list for PBXNativeTarget "faust_musicTests" */ = {
			isa = XCConfigurationList;
			buildConfigurations = (
				A2E7CC6B262188CA006CA38B /* Debug */,
				A2E7CC6C262188CA006CA38B /* Release */,
			);
			defaultConfigurationIsVisible = 0;
			defaultConfigurationName = Release;
		};
		A2E7CC6D262188CA006CA38B /* Build configuration list for PBXNativeTarget "faust_musicUITests" */ = {
			isa = XCConfigurationList;
			buildConfigurations = (
				A2E7CC6E262188CA006CA38B /* Debug */,
				A2E7CC6F262188CA006CA38B /* Release */,
			);
			defaultConfigurationIsVisible = 0;
			defaultConfigurationName = Release;
		};
/* End XCConfigurationList section */
	};
	rootObject = A2E7CC30262188C6006CA38B /* Project object */;
}
